
Microsoft Visual Studio Solution File, Format Version 12.00
# Visual Studio 15
VisualStudioVersion = 15.0.26124.0
MinimumVisualStudioVersion = 15.0.26124.0
Project("{FAE04EC0-301F-11D3-BF4B-00C04F79EFBC}") = "NetcoreV3.SonarQ.Api", "NetcoreV3.SonarQ.Api\NetcoreV3.SonarQ.Api.csproj", "{DBBD592E-04DE-41FA-A451-93F9ABF66F0D}"
EndProject
Project("{FAE04EC0-301F-11D3-BF4B-00C04F79EFBC}") = "NetcoreV3.SonarQ.Apps", "NetcoreV3.SonarQ.Apps\NetcoreV3.SonarQ.Apps.csproj", "{BE0988ED-38AF-4BCE-85C6-B1D8CC1C8FF7}"
EndProject
Project("{FAE04EC0-301F-11D3-BF4B-00C04F79EFBC}") = "NetcoreV3.SonarQ.Tests", "NetcoreV3.SonarQ.Tests\NetcoreV3.SonarQ.Tests.csproj", "{F9579FAA-AAFF-4A32-9AE6-3335A5E6B904}"
EndProject
Global
	GlobalSection(SolutionConfigurationPlatforms) = preSolution
		Debug|Any CPU = Debug|Any CPU
		Debug|x64 = Debug|x64
		Debug|x86 = Debug|x86
		Release|Any CPU = Release|Any CPU
		Release|x64 = Release|x64
		Release|x86 = Release|x86
	EndGlobalSection
	GlobalSection(SolutionProperties) = preSolution
		HideSolutionNode = FALSE
	EndGlobalSection
	GlobalSection(ProjectConfigurationPlatforms) = postSolution
		{DBBD592E-04DE-41FA-A451-93F9ABF66F0D}.Debug|Any CPU.ActiveCfg = Debug|Any CPU
		{DBBD592E-04DE-41FA-A451-93F9ABF66F0D}.Debug|Any CPU.Build.0 = Debug|Any CPU
		{DBBD592E-04DE-41FA-A451-93F9ABF66F0D}.Debug|x64.ActiveCfg = Debug|Any CPU
		{DBBD592E-04DE-41FA-A451-93F9ABF66F0D}.Debug|x64.Build.0 = Debug|Any CPU
		{DBBD592E-04DE-41FA-A451-93F9ABF66F0D}.Debug|x86.ActiveCfg = Debug|Any CPU
		{DBBD592E-04DE-41FA-A451-93F9ABF66F0D}.Debug|x86.Build.0 = Debug|Any CPU
		{DBBD592E-04DE-41FA-A451-93F9ABF66F0D}.Release|Any CPU.ActiveCfg = Release|Any CPU
		{DBBD592E-04DE-41FA-A451-93F9ABF66F0D}.Release|Any CPU.Build.0 = Release|Any CPU
		{DBBD592E-04DE-41FA-A451-93F9ABF66F0D}.Release|x64.ActiveCfg = Release|Any CPU
		{DBBD592E-04DE-41FA-A451-93F9ABF66F0D}.Release|x64.Build.0 = Release|Any CPU
		{DBBD592E-04DE-41FA-A451-93F9ABF66F0D}.Release|x86.ActiveCfg = Release|Any CPU
		{DBBD592E-04DE-41FA-A451-93F9ABF66F0D}.Release|x86.Build.0 = Release|Any CPU
		{BE0988ED-38AF-4BCE-85C6-B1D8CC1C8FF7}.Debug|Any CPU.ActiveCfg = Debug|Any CPU
		{BE0988ED-38AF-4BCE-85C6-B1D8CC1C8FF7}.Debug|Any CPU.Build.0 = Debug|Any CPU
		{BE0988ED-38AF-4BCE-85C6-B1D8CC1C8FF7}.Debug|x64.ActiveCfg = Debug|Any CPU
		{BE0988ED-38AF-4BCE-85C6-B1D8CC1C8FF7}.Debug|x64.Build.0 = Debug|Any CPU
		{BE0988ED-38AF-4BCE-85C6-B1D8CC1C8FF7}.Debug|x86.ActiveCfg = Debug|Any CPU
		{BE0988ED-38AF-4BCE-85C6-B1D8CC1C8FF7}.Debug|x86.Build.0 = Debug|Any CPU
		{BE0988ED-38AF-4BCE-85C6-B1D8CC1C8FF7}.Release|Any CPU.ActiveCfg = Release|Any CPU
		{BE0988ED-38AF-4BCE-85C6-B1D8CC1C8FF7}.Release|Any CPU.Build.0 = Release|Any CPU
		{BE0988ED-38AF-4BCE-85C6-B1D8CC1C8FF7}.Release|x64.ActiveCfg = Release|Any CPU
		{BE0988ED-38AF-4BCE-85C6-B1D8CC1C8FF7}.Release|x64.Build.0 = Release|Any CPU
		{BE0988ED-38AF-4BCE-85C6-B1D8CC1C8FF7}.Release|x86.ActiveCfg = Release|Any CPU
		{BE0988ED-38AF-4BCE-85C6-B1D8CC1C8FF7}.Release|x86.Build.0 = Release|Any CPU
		{F9579FAA-AAFF-4A32-9AE6-3335A5E6B904}.Debug|Any CPU.ActiveCfg = Debug|Any CPU
		{F9579FAA-AAFF-4A32-9AE6-3335A5E6B904}.Debug|Any CPU.Build.0 = Debug|Any CPU
		{F9579FAA-AAFF-4A32-9AE6-3335A5E6B904}.Debug|x64.ActiveCfg = Debug|Any CPU
		{F9579FAA-AAFF-4A32-9AE6-3335A5E6B904}.Debug|x64.Build.0 = Debug|Any CPU
		{F9579FAA-AAFF-4A32-9AE6-3335A5E6B904}.Debug|x86.ActiveCfg = Debug|Any CPU
		{F9579FAA-AAFF-4A32-9AE6-3335A5E6B904}.Debug|x86.Build.0 = Debug|Any CPU
		{F9579FAA-AAFF-4A32-9AE6-3335A5E6B904}.Release|Any CPU.ActiveCfg = Release|Any CPU
		{F9579FAA-AAFF-4A32-9AE6-3335A5E6B904}.Release|Any CPU.Build.0 = Release|Any CPU
		{F9579FAA-AAFF-4A32-9AE6-3335A5E6B904}.Release|x64.ActiveCfg = Release|Any CPU
		{F9579FAA-AAFF-4A32-9AE6-3335A5E6B904}.Release|x64.Build.0 = Release|Any CPU
		{F9579FAA-AAFF-4A32-9AE6-3335A5E6B904}.Release|x86.ActiveCfg = Release|Any CPU
		{F9579FAA-AAFF-4A32-9AE6-3335A5E6B904}.Release|x86.Build.0 = Release|Any CPU
	EndGlobalSection
EndGlobal
